
Microsoft Visual Studio Solution File, Format Version 10.00
# Visual Studio 2008
Project("{8BC9CEB8-8B4A-11D0-8D11-00A0C91BC942}") = "feSingleton", "feSingleton\feSingleton.vcproj", "{55859CA8-9222-4A4F-81D1-BED22AF1896A}"
EndProject
Global
	GlobalSection(SolutionConfigurationPlatforms) = preSolution
		Debug|Win32 = Debug|Win32
		Release|Win32 = Release|Win32
	EndGlobalSection
	GlobalSection(ProjectConfigurationPlatforms) = postSolution
		{55859CA8-9222-4A4F-81D1-BED22AF1896A}.Debug|Win32.ActiveCfg = Debug|Win32
		{55859CA8-9222-4A4F-81D1-BED22AF1896A}.Debug|Win32.Build.0 = Debug|Win32
		{55859CA8-9222-4A4F-81D1-BED22AF1896A}.Release|Win32.ActiveCfg = Release|Win32
		{55859CA8-9222-4A4F-81D1-BED22AF1896A}.Release|Win32.Build.0 = Release|Win32
	EndGlobalSection
	GlobalSection(SolutionProperties) = preSolution
		HideSolutionNode = FALSE
	EndGlobalSection
EndGlobal
