
Microsoft Visual Studio Solution File, Format Version 9.00
# Visual Studio 2005
Project("{8BC9CEB8-8B4A-11D0-8D11-00A0C91BC942}") = "felock", "felock\felock.vcproj", "{08BEC4B1-DEE0-4C12-BE12-4DBE025E3538}"
EndProject
Global
	GlobalSection(SolutionConfigurationPlatforms) = preSolution
		Debug|Win32 = Debug|Win32
		Release|Win32 = Release|Win32
	EndGlobalSection
	GlobalSection(ProjectConfigurationPlatforms) = postSolution
		{08BEC4B1-DEE0-4C12-BE12-4DBE025E3538}.Debug|Win32.ActiveCfg = Debug|Win32
		{08BEC4B1-DEE0-4C12-BE12-4DBE025E3538}.Debug|Win32.Build.0 = Debug|Win32
		{08BEC4B1-DEE0-4C12-BE12-4DBE025E3538}.Release|Win32.ActiveCfg = Release|Win32
		{08BEC4B1-DEE0-4C12-BE12-4DBE025E3538}.Release|Win32.Build.0 = Release|Win32
	EndGlobalSection
	GlobalSection(SolutionProperties) = preSolution
		HideSolutionNode = FALSE
	EndGlobalSection
EndGlobal
